
Microsoft Visual Studio Solution File, Format Version 12.00
# Visual Studio Version 16
VisualStudioVersion = 16.0.30503.244
MinimumVisualStudioVersion = 10.0.40219.1
Project("{FAE04EC0-301F-11D3-BF4B-00C04F79EFBC}") = "Gaestebuch_Sebastian", "Gaestebuch_Sebastian\Gaestebuch_Sebastian.csproj", "{CAA1B64C-6D26-4093-B60A-7F7F810558FE}"
EndProject
Global
	GlobalSection(SolutionConfigurationPlatforms) = preSolution
		Debug|Any CPU = Debug|Any CPU
		Release|Any CPU = Release|Any CPU
	EndGlobalSection
	GlobalSection(ProjectConfigurationPlatforms) = postSolution
		{CAA1B64C-6D26-4093-B60A-7F7F810558FE}.Debug|Any CPU.ActiveCfg = Debug|Any CPU
		{CAA1B64C-6D26-4093-B60A-7F7F810558FE}.Debug|Any CPU.Build.0 = Debug|Any CPU
		{CAA1B64C-6D26-4093-B60A-7F7F810558FE}.Release|Any CPU.ActiveCfg = Release|Any CPU
		{CAA1B64C-6D26-4093-B60A-7F7F810558FE}.Release|Any CPU.Build.0 = Release|Any CPU
	EndGlobalSection
	GlobalSection(SolutionProperties) = preSolution
		HideSolutionNode = FALSE
	EndGlobalSection
	GlobalSection(ExtensibilityGlobals) = postSolution
		SolutionGuid = {6842E842-82EA-47DE-B2AB-7C0B74D5E7F0}
	EndGlobalSection
EndGlobal
